
Microsoft Visual Studio Solution File, Format Version 12.00
# Visual Studio Version 17
VisualStudioVersion = 17.10.35027.167
MinimumVisualStudioVersion = 10.0.40219.1
Project("{9A19103F-16F7-4668-BE54-9A1E7A4F7556}") = "ConsoleApp22", "ConsoleApp22\ConsoleApp22.csproj", "{FC8A18C6-AD0F-413F-8462-50578D797C4D}"
EndProject
Project("{FAE04EC0-301F-11D3-BF4B-00C04F79EFBC}") = "BankApplication.Business.UnitTest", "BankApplication.Business.UnitTest\BankApplication.Business.UnitTest.csproj", "{16DB50CA-ADEA-4306-82E4-8564C73F6852}"
EndProject
Project("{FAE04EC0-301F-11D3-BF4B-00C04F79EFBC}") = "BankApplication.Business", "BankApplication.Business\BankApplication.Business.csproj", "{C2AAA09C-25A3-46DE-89E1-7C69E1379E5D}"
EndProject
Project("{FAE04EC0-301F-11D3-BF4B-00C04F79EFBC}") = "BankApplication.DataAccess", "BankApplication.DataAccess\BankApplication.DataAccess.csproj", "{6BF6C8A1-F616-4506-9447-26FDCEA8FBAD}"
EndProject
Project("{FAE04EC0-301F-11D3-BF4B-00C04F79EFBC}") = "BankApplication.CommonLayer", "BankApplication.CommonLayer\BankApplication.CommonLayer.csproj", "{07928E87-DF9F-4576-9F52-0EF62EE0A2E6}"
EndProject
Global
	GlobalSection(SolutionConfigurationPlatforms) = preSolution
		Debug|Any CPU = Debug|Any CPU
		Release|Any CPU = Release|Any CPU
	EndGlobalSection
	GlobalSection(ProjectConfigurationPlatforms) = postSolution
		{FC8A18C6-AD0F-413F-8462-50578D797C4D}.Debug|Any CPU.ActiveCfg = Debug|Any CPU
		{FC8A18C6-AD0F-413F-8462-50578D797C4D}.Debug|Any CPU.Build.0 = Debug|Any CPU
		{FC8A18C6-AD0F-413F-8462-50578D797C4D}.Release|Any CPU.ActiveCfg = Release|Any CPU
		{FC8A18C6-AD0F-413F-8462-50578D797C4D}.Release|Any CPU.Build.0 = Release|Any CPU
		{16DB50CA-ADEA-4306-82E4-8564C73F6852}.Debug|Any CPU.ActiveCfg = Debug|Any CPU
		{16DB50CA-ADEA-4306-82E4-8564C73F6852}.Debug|Any CPU.Build.0 = Debug|Any CPU
		{16DB50CA-ADEA-4306-82E4-8564C73F6852}.Release|Any CPU.ActiveCfg = Release|Any CPU
		{16DB50CA-ADEA-4306-82E4-8564C73F6852}.Release|Any CPU.Build.0 = Release|Any CPU
		{C2AAA09C-25A3-46DE-89E1-7C69E1379E5D}.Debug|Any CPU.ActiveCfg = Debug|Any CPU
		{C2AAA09C-25A3-46DE-89E1-7C69E1379E5D}.Debug|Any CPU.Build.0 = Debug|Any CPU
		{C2AAA09C-25A3-46DE-89E1-7C69E1379E5D}.Release|Any CPU.ActiveCfg = Release|Any CPU
		{C2AAA09C-25A3-46DE-89E1-7C69E1379E5D}.Release|Any CPU.Build.0 = Release|Any CPU
		{6BF6C8A1-F616-4506-9447-26FDCEA8FBAD}.Debug|Any CPU.ActiveCfg = Debug|Any CPU
		{6BF6C8A1-F616-4506-9447-26FDCEA8FBAD}.Debug|Any CPU.Build.0 = Debug|Any CPU
		{6BF6C8A1-F616-4506-9447-26FDCEA8FBAD}.Release|Any CPU.ActiveCfg = Release|Any CPU
		{6BF6C8A1-F616-4506-9447-26FDCEA8FBAD}.Release|Any CPU.Build.0 = Release|Any CPU
		{07928E87-DF9F-4576-9F52-0EF62EE0A2E6}.Debug|Any CPU.ActiveCfg = Debug|Any CPU
		{07928E87-DF9F-4576-9F52-0EF62EE0A2E6}.Debug|Any CPU.Build.0 = Debug|Any CPU
		{07928E87-DF9F-4576-9F52-0EF62EE0A2E6}.Release|Any CPU.ActiveCfg = Release|Any CPU
		{07928E87-DF9F-4576-9F52-0EF62EE0A2E6}.Release|Any CPU.Build.0 = Release|Any CPU
	EndGlobalSection
	GlobalSection(SolutionProperties) = preSolution
		HideSolutionNode = FALSE
	EndGlobalSection
	GlobalSection(ExtensibilityGlobals) = postSolution
		SolutionGuid = {D9EE6372-7894-48F1-A2AA-F3366FE943B3}
	EndGlobalSection
EndGlobal
